
Microsoft Visual Studio Solution File, Format Version 12.00
# Visual Studio Version 16
VisualStudioVersion = 16.0.30611.23
MinimumVisualStudioVersion = 10.0.40219.1
Project("{9A19103F-16F7-4668-BE54-9A1E7A4F7556}") = "Example.Api", "Example.Api\Example.Api.csproj", "{93982030-1EDB-4778-8E02-944369396FF9}"
EndProject
Project("{9A19103F-16F7-4668-BE54-9A1E7A4F7556}") = "Example.Db", "Example.Db\Example.Db.csproj", "{863DB2B5-0AC7-48FB-8EFB-F40A9B428DB2}"
EndProject
Project("{FAE04EC0-301F-11D3-BF4B-00C04F79EFBC}") = "Example.Test", "Example.Test\Example.Test.csproj", "{A7BAB44A-4656-475C-98BC-D84870242575}"
EndProject
Global
	GlobalSection(SolutionConfigurationPlatforms) = preSolution
		Debug|Any CPU = Debug|Any CPU
		Release|Any CPU = Release|Any CPU
	EndGlobalSection
	GlobalSection(ProjectConfigurationPlatforms) = postSolution
		{93982030-1EDB-4778-8E02-944369396FF9}.Debug|Any CPU.ActiveCfg = Debug|Any CPU
		{93982030-1EDB-4778-8E02-944369396FF9}.Debug|Any CPU.Build.0 = Debug|Any CPU
		{93982030-1EDB-4778-8E02-944369396FF9}.Release|Any CPU.ActiveCfg = Release|Any CPU
		{93982030-1EDB-4778-8E02-944369396FF9}.Release|Any CPU.Build.0 = Release|Any CPU
		{863DB2B5-0AC7-48FB-8EFB-F40A9B428DB2}.Debug|Any CPU.ActiveCfg = Debug|Any CPU
		{863DB2B5-0AC7-48FB-8EFB-F40A9B428DB2}.Debug|Any CPU.Build.0 = Debug|Any CPU
		{863DB2B5-0AC7-48FB-8EFB-F40A9B428DB2}.Release|Any CPU.ActiveCfg = Release|Any CPU
		{863DB2B5-0AC7-48FB-8EFB-F40A9B428DB2}.Release|Any CPU.Build.0 = Release|Any CPU
		{A7BAB44A-4656-475C-98BC-D84870242575}.Debug|Any CPU.ActiveCfg = Debug|Any CPU
		{A7BAB44A-4656-475C-98BC-D84870242575}.Debug|Any CPU.Build.0 = Debug|Any CPU
		{A7BAB44A-4656-475C-98BC-D84870242575}.Release|Any CPU.ActiveCfg = Release|Any CPU
		{A7BAB44A-4656-475C-98BC-D84870242575}.Release|Any CPU.Build.0 = Release|Any CPU
	EndGlobalSection
	GlobalSection(SolutionProperties) = preSolution
		HideSolutionNode = FALSE
	EndGlobalSection
	GlobalSection(ExtensibilityGlobals) = postSolution
		SolutionGuid = {8243E2C6-51A6-4649-911B-61381C983286}
	EndGlobalSection
EndGlobal
